
Microsoft Visual Studio Solution File, Format Version 12.00
# Visual Studio Version 17
VisualStudioVersion = 17.4.33213.308
MinimumVisualStudioVersion = 10.0.40219.1
Project("{FAE04EC0-301F-11D3-BF4B-00C04F79EFBC}") = "WPFNavigationDemo", "WPFNavigationDemo\WPFNavigationDemo.csproj", "{EAD4C1DE-1F72-4375-A4EE-CAF39CBA3889}"
EndProject
Global
	GlobalSection(SolutionConfigurationPlatforms) = preSolution
		Debug|Any CPU = Debug|Any CPU
		Release|Any CPU = Release|Any CPU
	EndGlobalSection
	GlobalSection(ProjectConfigurationPlatforms) = postSolution
		{EAD4C1DE-1F72-4375-A4EE-CAF39CBA3889}.Debug|Any CPU.ActiveCfg = Debug|Any CPU
		{EAD4C1DE-1F72-4375-A4EE-CAF39CBA3889}.Debug|Any CPU.Build.0 = Debug|Any CPU
		{EAD4C1DE-1F72-4375-A4EE-CAF39CBA3889}.Release|Any CPU.ActiveCfg = Release|Any CPU
		{EAD4C1DE-1F72-4375-A4EE-CAF39CBA3889}.Release|Any CPU.Build.0 = Release|Any CPU
	EndGlobalSection
	GlobalSection(SolutionProperties) = preSolution
		HideSolutionNode = FALSE
	EndGlobalSection
	GlobalSection(ExtensibilityGlobals) = postSolution
		SolutionGuid = {E193ED61-51B2-4B53-9577-1FEC16275F96}
	EndGlobalSection
EndGlobal
